
Microsoft Visual Studio Solution File, Format Version 12.00
# Visual Studio Version 17
VisualStudioVersion = 17.4.33213.308
MinimumVisualStudioVersion = 10.0.40219.1
Project("{FAE04EC0-301F-11D3-BF4B-00C04F79EFBC}") = "MultiDelegates", "MultiDelegates\MultiDelegates.csproj", "{C5F0F0CB-9AF9-45AD-BAE8-C6BA2E762C57}"
EndProject
Global
	GlobalSection(SolutionConfigurationPlatforms) = preSolution
		Debug|Any CPU = Debug|Any CPU
		Release|Any CPU = Release|Any CPU
	EndGlobalSection
	GlobalSection(ProjectConfigurationPlatforms) = postSolution
		{C5F0F0CB-9AF9-45AD-BAE8-C6BA2E762C57}.Debug|Any CPU.ActiveCfg = Debug|Any CPU
		{C5F0F0CB-9AF9-45AD-BAE8-C6BA2E762C57}.Debug|Any CPU.Build.0 = Debug|Any CPU
		{C5F0F0CB-9AF9-45AD-BAE8-C6BA2E762C57}.Release|Any CPU.ActiveCfg = Release|Any CPU
		{C5F0F0CB-9AF9-45AD-BAE8-C6BA2E762C57}.Release|Any CPU.Build.0 = Release|Any CPU
	EndGlobalSection
	GlobalSection(SolutionProperties) = preSolution
		HideSolutionNode = FALSE
	EndGlobalSection
	GlobalSection(ExtensibilityGlobals) = postSolution
		SolutionGuid = {06570BD5-DA16-4F2D-A465-685C265C7ACE}
	EndGlobalSection
EndGlobal
